
Microsoft Visual Studio Solution File, Format Version 12.00
# Visual Studio 15
VisualStudioVersion = 15.0.28307.421
MinimumVisualStudioVersion = 10.0.40219.1
Project("{FAE04EC0-301F-11D3-BF4B-00C04F79EFBC}") = "tiqnot.Android", "tiqnot\tiqnot.Android\tiqnot.Android.csproj", "{65C15ECF-E588-4AFF-B54C-8FC09E59CCE4}"
EndProject
Project("{FAE04EC0-301F-11D3-BF4B-00C04F79EFBC}") = "tiqnot", "tiqnot\tiqnot\tiqnot.csproj", "{787284CC-C2C8-445E-B353-2A1A19E8BA7B}"
EndProject
Global
	GlobalSection(SolutionConfigurationPlatforms) = preSolution
		Debug|Any CPU = Debug|Any CPU
		Release|Any CPU = Release|Any CPU
	EndGlobalSection
	GlobalSection(ProjectConfigurationPlatforms) = postSolution
		{65C15ECF-E588-4AFF-B54C-8FC09E59CCE4}.Debug|Any CPU.ActiveCfg = Debug|Any CPU
		{65C15ECF-E588-4AFF-B54C-8FC09E59CCE4}.Debug|Any CPU.Build.0 = Debug|Any CPU
		{65C15ECF-E588-4AFF-B54C-8FC09E59CCE4}.Debug|Any CPU.Deploy.0 = Debug|Any CPU
		{65C15ECF-E588-4AFF-B54C-8FC09E59CCE4}.Release|Any CPU.ActiveCfg = Release|Any CPU
		{65C15ECF-E588-4AFF-B54C-8FC09E59CCE4}.Release|Any CPU.Build.0 = Release|Any CPU
		{65C15ECF-E588-4AFF-B54C-8FC09E59CCE4}.Release|Any CPU.Deploy.0 = Release|Any CPU
		{787284CC-C2C8-445E-B353-2A1A19E8BA7B}.Debug|Any CPU.ActiveCfg = Debug|Any CPU
		{787284CC-C2C8-445E-B353-2A1A19E8BA7B}.Debug|Any CPU.Build.0 = Debug|Any CPU
		{787284CC-C2C8-445E-B353-2A1A19E8BA7B}.Debug|Any CPU.Deploy.0 = Debug|Any CPU
		{787284CC-C2C8-445E-B353-2A1A19E8BA7B}.Release|Any CPU.ActiveCfg = Release|Any CPU
		{787284CC-C2C8-445E-B353-2A1A19E8BA7B}.Release|Any CPU.Build.0 = Release|Any CPU
		{787284CC-C2C8-445E-B353-2A1A19E8BA7B}.Release|Any CPU.Deploy.0 = Release|Any CPU
	EndGlobalSection
	GlobalSection(SolutionProperties) = preSolution
		HideSolutionNode = FALSE
	EndGlobalSection
	GlobalSection(ExtensibilityGlobals) = postSolution
		SolutionGuid = {ED130A57-D1E3-4417-ACF8-B57862FBDDB3}
	EndGlobalSection
EndGlobal
